
Microsoft Visual Studio Solution File, Format Version 12.00
# Visual Studio Version 16
VisualStudioVersion = 16.0.30717.126
MinimumVisualStudioVersion = 10.0.40219.1
Project("{9A19103F-16F7-4668-BE54-9A1E7A4F7556}") = "TodoApi", "TodoApi.csproj", "{C8131E1B-C53E-4384-B827-8DDA033C9B8F}"
EndProject
Global
	GlobalSection(SolutionConfigurationPlatforms) = preSolution
		Debug|Any CPU = Debug|Any CPU
		Release|Any CPU = Release|Any CPU
	EndGlobalSection
	GlobalSection(ProjectConfigurationPlatforms) = postSolution
		{C8131E1B-C53E-4384-B827-8DDA033C9B8F}.Debug|Any CPU.ActiveCfg = Debug|Any CPU
		{C8131E1B-C53E-4384-B827-8DDA033C9B8F}.Debug|Any CPU.Build.0 = Debug|Any CPU
		{C8131E1B-C53E-4384-B827-8DDA033C9B8F}.Release|Any CPU.ActiveCfg = Release|Any CPU
		{C8131E1B-C53E-4384-B827-8DDA033C9B8F}.Release|Any CPU.Build.0 = Release|Any CPU
	EndGlobalSection
	GlobalSection(SolutionProperties) = preSolution
		HideSolutionNode = FALSE
	EndGlobalSection
	GlobalSection(ExtensibilityGlobals) = postSolution
		SolutionGuid = {15C9AC07-EA76-4A73-9308-8ECB5F3ED5C7}
	EndGlobalSection
EndGlobal
